
Microsoft Visual Studio Solution File, Format Version 12.00
Project("{FAE04EC0-301F-11D3-BF4B-00C04F79EFBC}") = "GameLoop.Networking", "GameLoop.Networking\GameLoop.Networking.csproj", "{A49A7CED-53EB-494E-8FDA-83B8C5B980B2}"
EndProject
Project("{FAE04EC0-301F-11D3-BF4B-00C04F79EFBC}") = "GameLoop.Utilities", "GameLoop.Utilities\GameLoop.Utilities.csproj", "{87C4A17B-C590-4784-A284-DCF26B356C97}"
EndProject
Project("{FAE04EC0-301F-11D3-BF4B-00C04F79EFBC}") = "GameLoop.Networking.Host", "GameLoop.Networking.Host\GameLoop.Networking.Host.csproj", "{B468F864-C7A6-4B55-9F66-17F4790944EC}"
EndProject
Project("{FAE04EC0-301F-11D3-BF4B-00C04F79EFBC}") = "GameLoop.Networking.Transport", "GameLoop.Networking.Transport\GameLoop.Networking.Transport.csproj", "{3A596371-BEEB-4FB5-9A4B-9AEFD9220542}"
EndProject
Global
	GlobalSection(SolutionConfigurationPlatforms) = preSolution
		Debug|Any CPU = Debug|Any CPU
		Release|Any CPU = Release|Any CPU
	EndGlobalSection
	GlobalSection(ProjectConfigurationPlatforms) = postSolution
		{A49A7CED-53EB-494E-8FDA-83B8C5B980B2}.Debug|Any CPU.ActiveCfg = Debug|Any CPU
		{A49A7CED-53EB-494E-8FDA-83B8C5B980B2}.Debug|Any CPU.Build.0 = Debug|Any CPU
		{A49A7CED-53EB-494E-8FDA-83B8C5B980B2}.Release|Any CPU.ActiveCfg = Release|Any CPU
		{A49A7CED-53EB-494E-8FDA-83B8C5B980B2}.Release|Any CPU.Build.0 = Release|Any CPU
		{87C4A17B-C590-4784-A284-DCF26B356C97}.Debug|Any CPU.ActiveCfg = Debug|Any CPU
		{87C4A17B-C590-4784-A284-DCF26B356C97}.Debug|Any CPU.Build.0 = Debug|Any CPU
		{87C4A17B-C590-4784-A284-DCF26B356C97}.Release|Any CPU.ActiveCfg = Release|Any CPU
		{87C4A17B-C590-4784-A284-DCF26B356C97}.Release|Any CPU.Build.0 = Release|Any CPU
		{B468F864-C7A6-4B55-9F66-17F4790944EC}.Debug|Any CPU.ActiveCfg = Debug|Any CPU
		{B468F864-C7A6-4B55-9F66-17F4790944EC}.Debug|Any CPU.Build.0 = Debug|Any CPU
		{B468F864-C7A6-4B55-9F66-17F4790944EC}.Release|Any CPU.ActiveCfg = Release|Any CPU
		{B468F864-C7A6-4B55-9F66-17F4790944EC}.Release|Any CPU.Build.0 = Release|Any CPU
		{3A596371-BEEB-4FB5-9A4B-9AEFD9220542}.Debug|Any CPU.ActiveCfg = Debug|Any CPU
		{3A596371-BEEB-4FB5-9A4B-9AEFD9220542}.Debug|Any CPU.Build.0 = Debug|Any CPU
		{3A596371-BEEB-4FB5-9A4B-9AEFD9220542}.Release|Any CPU.ActiveCfg = Release|Any CPU
		{3A596371-BEEB-4FB5-9A4B-9AEFD9220542}.Release|Any CPU.Build.0 = Release|Any CPU
	EndGlobalSection
EndGlobal
